
Microsoft Visual Studio Solution File, Format Version 12.00
# Visual Studio Version 16
VisualStudioVersion = 16.0.31702.278
MinimumVisualStudioVersion = 10.0.40219.1
Project("{FAE04EC0-301F-11D3-BF4B-00C04F79EFBC}") = "01.BirthdayCelebration", "01.BirthdayCelebration\01.BirthdayCelebration.csproj", "{8F486688-6412-4393-BC5C-3248E41527A3}"
EndProject
Project("{FAE04EC0-301F-11D3-BF4B-00C04F79EFBC}") = "02.TheBattleOfTheFiveArmies", "02.TheBattleOfTheFiveArmies\02.TheBattleOfTheFiveArmies.csproj", "{714CFAFB-903F-47A3-8E76-0B3991F2714C}"
EndProject
Global
	GlobalSection(SolutionConfigurationPlatforms) = preSolution
		Debug|Any CPU = Debug|Any CPU
		Release|Any CPU = Release|Any CPU
	EndGlobalSection
	GlobalSection(ProjectConfigurationPlatforms) = postSolution
		{8F486688-6412-4393-BC5C-3248E41527A3}.Debug|Any CPU.ActiveCfg = Debug|Any CPU
		{8F486688-6412-4393-BC5C-3248E41527A3}.Debug|Any CPU.Build.0 = Debug|Any CPU
		{8F486688-6412-4393-BC5C-3248E41527A3}.Release|Any CPU.ActiveCfg = Release|Any CPU
		{8F486688-6412-4393-BC5C-3248E41527A3}.Release|Any CPU.Build.0 = Release|Any CPU
		{714CFAFB-903F-47A3-8E76-0B3991F2714C}.Debug|Any CPU.ActiveCfg = Debug|Any CPU
		{714CFAFB-903F-47A3-8E76-0B3991F2714C}.Debug|Any CPU.Build.0 = Debug|Any CPU
		{714CFAFB-903F-47A3-8E76-0B3991F2714C}.Release|Any CPU.ActiveCfg = Release|Any CPU
		{714CFAFB-903F-47A3-8E76-0B3991F2714C}.Release|Any CPU.Build.0 = Release|Any CPU
	EndGlobalSection
	GlobalSection(SolutionProperties) = preSolution
		HideSolutionNode = FALSE
	EndGlobalSection
	GlobalSection(ExtensibilityGlobals) = postSolution
		SolutionGuid = {B97E1F52-DC2F-4ED4-B657-9D19788C3983}
	EndGlobalSection
EndGlobal
