
Microsoft Visual Studio Solution File, Format Version 12.00
# Visual Studio Version 16
VisualStudioVersion = 16.0.31702.278
MinimumVisualStudioVersion = 10.0.40219.1
Project("{FAE04EC0-301F-11D3-BF4B-00C04F79EFBC}") = "Operations", "Operations\Operations.csproj", "{43BAA257-6BAF-4D18-A5C1-FDE51AAF9956}"
EndProject
Project("{FAE04EC0-301F-11D3-BF4B-00C04F79EFBC}") = "Animals", "Animals\Animals.csproj", "{36ED5EBF-4833-45B1-90BA-09D46C8ABB56}"
EndProject
Project("{FAE04EC0-301F-11D3-BF4B-00C04F79EFBC}") = "Shapes", "Shapes\Shapes.csproj", "{288FD6A8-D80D-4A7B-B157-7A61EAA64BCE}"
EndProject
Global
	GlobalSection(SolutionConfigurationPlatforms) = preSolution
		Debug|Any CPU = Debug|Any CPU
		Release|Any CPU = Release|Any CPU
	EndGlobalSection
	GlobalSection(ProjectConfigurationPlatforms) = postSolution
		{43BAA257-6BAF-4D18-A5C1-FDE51AAF9956}.Debug|Any CPU.ActiveCfg = Debug|Any CPU
		{43BAA257-6BAF-4D18-A5C1-FDE51AAF9956}.Debug|Any CPU.Build.0 = Debug|Any CPU
		{43BAA257-6BAF-4D18-A5C1-FDE51AAF9956}.Release|Any CPU.ActiveCfg = Release|Any CPU
		{43BAA257-6BAF-4D18-A5C1-FDE51AAF9956}.Release|Any CPU.Build.0 = Release|Any CPU
		{36ED5EBF-4833-45B1-90BA-09D46C8ABB56}.Debug|Any CPU.ActiveCfg = Debug|Any CPU
		{36ED5EBF-4833-45B1-90BA-09D46C8ABB56}.Debug|Any CPU.Build.0 = Debug|Any CPU
		{36ED5EBF-4833-45B1-90BA-09D46C8ABB56}.Release|Any CPU.ActiveCfg = Release|Any CPU
		{36ED5EBF-4833-45B1-90BA-09D46C8ABB56}.Release|Any CPU.Build.0 = Release|Any CPU
		{288FD6A8-D80D-4A7B-B157-7A61EAA64BCE}.Debug|Any CPU.ActiveCfg = Debug|Any CPU
		{288FD6A8-D80D-4A7B-B157-7A61EAA64BCE}.Debug|Any CPU.Build.0 = Debug|Any CPU
		{288FD6A8-D80D-4A7B-B157-7A61EAA64BCE}.Release|Any CPU.ActiveCfg = Release|Any CPU
		{288FD6A8-D80D-4A7B-B157-7A61EAA64BCE}.Release|Any CPU.Build.0 = Release|Any CPU
	EndGlobalSection
	GlobalSection(SolutionProperties) = preSolution
		HideSolutionNode = FALSE
	EndGlobalSection
	GlobalSection(ExtensibilityGlobals) = postSolution
		SolutionGuid = {295A18F0-3715-48A8-99CA-DB01B35A9413}
	EndGlobalSection
EndGlobal
