
Microsoft Visual Studio Solution File, Format Version 12.00
# Visual Studio Version 16
VisualStudioVersion = 16.0.31702.278
MinimumVisualStudioVersion = 10.0.40219.1
Project("{FAE04EC0-301F-11D3-BF4B-00C04F79EFBC}") = "01.Masterchef", "01.Masterchef\01.Masterchef.csproj", "{E83D342D-717B-42D7-845C-33B1C8A378F9}"
EndProject
Project("{FAE04EC0-301F-11D3-BF4B-00C04F79EFBC}") = "02.Survivor", "02.Survivor\02.Survivor.csproj", "{CFAD8A33-1E32-4A92-8C82-C2E1817B85D6}"
EndProject
Global
	GlobalSection(SolutionConfigurationPlatforms) = preSolution
		Debug|Any CPU = Debug|Any CPU
		Release|Any CPU = Release|Any CPU
	EndGlobalSection
	GlobalSection(ProjectConfigurationPlatforms) = postSolution
		{E83D342D-717B-42D7-845C-33B1C8A378F9}.Debug|Any CPU.ActiveCfg = Debug|Any CPU
		{E83D342D-717B-42D7-845C-33B1C8A378F9}.Debug|Any CPU.Build.0 = Debug|Any CPU
		{E83D342D-717B-42D7-845C-33B1C8A378F9}.Release|Any CPU.ActiveCfg = Release|Any CPU
		{E83D342D-717B-42D7-845C-33B1C8A378F9}.Release|Any CPU.Build.0 = Release|Any CPU
		{CFAD8A33-1E32-4A92-8C82-C2E1817B85D6}.Debug|Any CPU.ActiveCfg = Debug|Any CPU
		{CFAD8A33-1E32-4A92-8C82-C2E1817B85D6}.Debug|Any CPU.Build.0 = Debug|Any CPU
		{CFAD8A33-1E32-4A92-8C82-C2E1817B85D6}.Release|Any CPU.ActiveCfg = Release|Any CPU
		{CFAD8A33-1E32-4A92-8C82-C2E1817B85D6}.Release|Any CPU.Build.0 = Release|Any CPU
	EndGlobalSection
	GlobalSection(SolutionProperties) = preSolution
		HideSolutionNode = FALSE
	EndGlobalSection
	GlobalSection(ExtensibilityGlobals) = postSolution
		SolutionGuid = {E86DC07C-CAA9-4238-8FE9-5C187423BBE0}
	EndGlobalSection
EndGlobal
