
Microsoft Visual Studio Solution File, Format Version 12.00
# Visual Studio Version 16
VisualStudioVersion = 16.0.31424.327
MinimumVisualStudioVersion = 10.0.40219.1
Project("{FAE04EC0-301F-11D3-BF4B-00C04F79EFBC}") = "01.BlackFlag", "01.BlackFlag\01.BlackFlag.csproj", "{2B037689-C813-43E9-8C63-D2E796FF6A3D}"
EndProject
Project("{FAE04EC0-301F-11D3-BF4B-00C04F79EFBC}") = "02.TreasureHunt", "02.TreasureHunt\02.TreasureHunt.csproj", "{500EF583-B26A-46B7-9B10-D1A025FF5E19}"
EndProject
Project("{FAE04EC0-301F-11D3-BF4B-00C04F79EFBC}") = "03.ManOWar", "03.ManOWar\03.ManOWar.csproj", "{5F1EA61F-6127-47A7-9CD2-990BD1C0A58A}"
EndProject
Global
	GlobalSection(SolutionConfigurationPlatforms) = preSolution
		Debug|Any CPU = Debug|Any CPU
		Release|Any CPU = Release|Any CPU
	EndGlobalSection
	GlobalSection(ProjectConfigurationPlatforms) = postSolution
		{2B037689-C813-43E9-8C63-D2E796FF6A3D}.Debug|Any CPU.ActiveCfg = Debug|Any CPU
		{2B037689-C813-43E9-8C63-D2E796FF6A3D}.Debug|Any CPU.Build.0 = Debug|Any CPU
		{2B037689-C813-43E9-8C63-D2E796FF6A3D}.Release|Any CPU.ActiveCfg = Release|Any CPU
		{2B037689-C813-43E9-8C63-D2E796FF6A3D}.Release|Any CPU.Build.0 = Release|Any CPU
		{500EF583-B26A-46B7-9B10-D1A025FF5E19}.Debug|Any CPU.ActiveCfg = Debug|Any CPU
		{500EF583-B26A-46B7-9B10-D1A025FF5E19}.Debug|Any CPU.Build.0 = Debug|Any CPU
		{500EF583-B26A-46B7-9B10-D1A025FF5E19}.Release|Any CPU.ActiveCfg = Release|Any CPU
		{500EF583-B26A-46B7-9B10-D1A025FF5E19}.Release|Any CPU.Build.0 = Release|Any CPU
		{5F1EA61F-6127-47A7-9CD2-990BD1C0A58A}.Debug|Any CPU.ActiveCfg = Debug|Any CPU
		{5F1EA61F-6127-47A7-9CD2-990BD1C0A58A}.Debug|Any CPU.Build.0 = Debug|Any CPU
		{5F1EA61F-6127-47A7-9CD2-990BD1C0A58A}.Release|Any CPU.ActiveCfg = Release|Any CPU
		{5F1EA61F-6127-47A7-9CD2-990BD1C0A58A}.Release|Any CPU.Build.0 = Release|Any CPU
	EndGlobalSection
	GlobalSection(SolutionProperties) = preSolution
		HideSolutionNode = FALSE
	EndGlobalSection
	GlobalSection(ExtensibilityGlobals) = postSolution
		SolutionGuid = {BD6F8C66-268A-4E6D-B570-FE9849556753}
	EndGlobalSection
EndGlobal
