
Microsoft Visual Studio Solution File, Format Version 12.00
# Visual Studio Version 16
VisualStudioVersion = 16.0.31515.178
MinimumVisualStudioVersion = 10.0.40219.1
Project("{9A19103F-16F7-4668-BE54-9A1E7A4F7556}") = "01.TheImitationGame", "01.TheImitationGame\01.TheImitationGame.csproj", "{893FB7DC-BACF-43FA-B2F7-395699ACD2BC}"
EndProject
Project("{9A19103F-16F7-4668-BE54-9A1E7A4F7556}") = "02.AdAstra", "02.AdAstra\02.AdAstra.csproj", "{97D9909F-A05A-4EBA-9686-24C914172758}"
EndProject
Project("{FAE04EC0-301F-11D3-BF4B-00C04F79EFBC}") = "03.ThePianist", "03.ThePianist\03.ThePianist.csproj", "{C502C109-1EB3-4064-80B8-FF51A35CBB63}"
EndProject
Global
	GlobalSection(SolutionConfigurationPlatforms) = preSolution
		Debug|Any CPU = Debug|Any CPU
		Release|Any CPU = Release|Any CPU
	EndGlobalSection
	GlobalSection(ProjectConfigurationPlatforms) = postSolution
		{893FB7DC-BACF-43FA-B2F7-395699ACD2BC}.Debug|Any CPU.ActiveCfg = Debug|Any CPU
		{893FB7DC-BACF-43FA-B2F7-395699ACD2BC}.Debug|Any CPU.Build.0 = Debug|Any CPU
		{893FB7DC-BACF-43FA-B2F7-395699ACD2BC}.Release|Any CPU.ActiveCfg = Release|Any CPU
		{893FB7DC-BACF-43FA-B2F7-395699ACD2BC}.Release|Any CPU.Build.0 = Release|Any CPU
		{97D9909F-A05A-4EBA-9686-24C914172758}.Debug|Any CPU.ActiveCfg = Debug|Any CPU
		{97D9909F-A05A-4EBA-9686-24C914172758}.Debug|Any CPU.Build.0 = Debug|Any CPU
		{97D9909F-A05A-4EBA-9686-24C914172758}.Release|Any CPU.ActiveCfg = Release|Any CPU
		{97D9909F-A05A-4EBA-9686-24C914172758}.Release|Any CPU.Build.0 = Release|Any CPU
		{C502C109-1EB3-4064-80B8-FF51A35CBB63}.Debug|Any CPU.ActiveCfg = Debug|Any CPU
		{C502C109-1EB3-4064-80B8-FF51A35CBB63}.Debug|Any CPU.Build.0 = Debug|Any CPU
		{C502C109-1EB3-4064-80B8-FF51A35CBB63}.Release|Any CPU.ActiveCfg = Release|Any CPU
		{C502C109-1EB3-4064-80B8-FF51A35CBB63}.Release|Any CPU.Build.0 = Release|Any CPU
	EndGlobalSection
	GlobalSection(SolutionProperties) = preSolution
		HideSolutionNode = FALSE
	EndGlobalSection
	GlobalSection(ExtensibilityGlobals) = postSolution
		SolutionGuid = {05EC66BF-3002-400B-A9C5-23C4515F8184}
	EndGlobalSection
EndGlobal
