
Microsoft Visual Studio Solution File, Format Version 12.00
# Visual Studio Version 16
VisualStudioVersion = 16.0.31410.357
MinimumVisualStudioVersion = 10.0.40219.1
Project("{FAE04EC0-301F-11D3-BF4B-00C04F79EFBC}") = "01.CompanyRoster", "01.CompanyRoster\01.CompanyRoster.csproj", "{36D555FD-5693-4CA1-9305-D4D11BC10D54}"
EndProject
Project("{FAE04EC0-301F-11D3-BF4B-00C04F79EFBC}") = "02.OldestFamilyMember", "02.OldestFamilyMember\02.OldestFamilyMember.csproj", "{4D579A3F-52E0-4F66-9808-2B75FB0EAAE0}"
EndProject
Project("{FAE04EC0-301F-11D3-BF4B-00C04F79EFBC}") = "03.SpeedRacing", "03.SpeedRacing\03.SpeedRacing.csproj", "{3996A3E6-48F2-462C-B21E-466FCAE32EE0}"
EndProject
Project("{FAE04EC0-301F-11D3-BF4B-00C04F79EFBC}") = "04.RawData", "04.RawData\04.RawData.csproj", "{8C625BC0-A4A5-49C2-9E1D-33A344A35A9E}"
EndProject
Project("{FAE04EC0-301F-11D3-BF4B-00C04F79EFBC}") = "05.ShoppingSpree", "05.ShoppingSpree\05.ShoppingSpree.csproj", "{0061FD24-C4D8-41BE-8E25-93676AD30C17}"
EndProject
Global
	GlobalSection(SolutionConfigurationPlatforms) = preSolution
		Debug|Any CPU = Debug|Any CPU
		Release|Any CPU = Release|Any CPU
	EndGlobalSection
	GlobalSection(ProjectConfigurationPlatforms) = postSolution
		{36D555FD-5693-4CA1-9305-D4D11BC10D54}.Debug|Any CPU.ActiveCfg = Debug|Any CPU
		{36D555FD-5693-4CA1-9305-D4D11BC10D54}.Debug|Any CPU.Build.0 = Debug|Any CPU
		{36D555FD-5693-4CA1-9305-D4D11BC10D54}.Release|Any CPU.ActiveCfg = Release|Any CPU
		{36D555FD-5693-4CA1-9305-D4D11BC10D54}.Release|Any CPU.Build.0 = Release|Any CPU
		{4D579A3F-52E0-4F66-9808-2B75FB0EAAE0}.Debug|Any CPU.ActiveCfg = Debug|Any CPU
		{4D579A3F-52E0-4F66-9808-2B75FB0EAAE0}.Debug|Any CPU.Build.0 = Debug|Any CPU
		{4D579A3F-52E0-4F66-9808-2B75FB0EAAE0}.Release|Any CPU.ActiveCfg = Release|Any CPU
		{4D579A3F-52E0-4F66-9808-2B75FB0EAAE0}.Release|Any CPU.Build.0 = Release|Any CPU
		{3996A3E6-48F2-462C-B21E-466FCAE32EE0}.Debug|Any CPU.ActiveCfg = Debug|Any CPU
		{3996A3E6-48F2-462C-B21E-466FCAE32EE0}.Debug|Any CPU.Build.0 = Debug|Any CPU
		{3996A3E6-48F2-462C-B21E-466FCAE32EE0}.Release|Any CPU.ActiveCfg = Release|Any CPU
		{3996A3E6-48F2-462C-B21E-466FCAE32EE0}.Release|Any CPU.Build.0 = Release|Any CPU
		{8C625BC0-A4A5-49C2-9E1D-33A344A35A9E}.Debug|Any CPU.ActiveCfg = Debug|Any CPU
		{8C625BC0-A4A5-49C2-9E1D-33A344A35A9E}.Debug|Any CPU.Build.0 = Debug|Any CPU
		{8C625BC0-A4A5-49C2-9E1D-33A344A35A9E}.Release|Any CPU.ActiveCfg = Release|Any CPU
		{8C625BC0-A4A5-49C2-9E1D-33A344A35A9E}.Release|Any CPU.Build.0 = Release|Any CPU
		{0061FD24-C4D8-41BE-8E25-93676AD30C17}.Debug|Any CPU.ActiveCfg = Debug|Any CPU
		{0061FD24-C4D8-41BE-8E25-93676AD30C17}.Debug|Any CPU.Build.0 = Debug|Any CPU
		{0061FD24-C4D8-41BE-8E25-93676AD30C17}.Release|Any CPU.ActiveCfg = Release|Any CPU
		{0061FD24-C4D8-41BE-8E25-93676AD30C17}.Release|Any CPU.Build.0 = Release|Any CPU
	EndGlobalSection
	GlobalSection(SolutionProperties) = preSolution
		HideSolutionNode = FALSE
	EndGlobalSection
	GlobalSection(ExtensibilityGlobals) = postSolution
		SolutionGuid = {C8775D21-2479-4A45-8C70-BBB65616F745}
	EndGlobalSection
EndGlobal
