
Microsoft Visual Studio Solution File, Format Version 12.00
# Visual Studio Version 16
VisualStudioVersion = 16.0.31702.278
MinimumVisualStudioVersion = 10.0.40219.1
Project("{FAE04EC0-301F-11D3-BF4B-00C04F79EFBC}") = "Shapes", "Shapes\Shapes.csproj", "{B3DC1576-ACB9-430D-B5AE-F2AEE5DD49FA}"
EndProject
Project("{FAE04EC0-301F-11D3-BF4B-00C04F79EFBC}") = "Cars", "Cars\Cars.csproj", "{5059A3F1-E568-4FF4-B7E1-54CA2DDB2F05}"
EndProject
Global
	GlobalSection(SolutionConfigurationPlatforms) = preSolution
		Debug|Any CPU = Debug|Any CPU
		Release|Any CPU = Release|Any CPU
	EndGlobalSection
	GlobalSection(ProjectConfigurationPlatforms) = postSolution
		{B3DC1576-ACB9-430D-B5AE-F2AEE5DD49FA}.Debug|Any CPU.ActiveCfg = Debug|Any CPU
		{B3DC1576-ACB9-430D-B5AE-F2AEE5DD49FA}.Debug|Any CPU.Build.0 = Debug|Any CPU
		{B3DC1576-ACB9-430D-B5AE-F2AEE5DD49FA}.Release|Any CPU.ActiveCfg = Release|Any CPU
		{B3DC1576-ACB9-430D-B5AE-F2AEE5DD49FA}.Release|Any CPU.Build.0 = Release|Any CPU
		{5059A3F1-E568-4FF4-B7E1-54CA2DDB2F05}.Debug|Any CPU.ActiveCfg = Debug|Any CPU
		{5059A3F1-E568-4FF4-B7E1-54CA2DDB2F05}.Debug|Any CPU.Build.0 = Debug|Any CPU
		{5059A3F1-E568-4FF4-B7E1-54CA2DDB2F05}.Release|Any CPU.ActiveCfg = Release|Any CPU
		{5059A3F1-E568-4FF4-B7E1-54CA2DDB2F05}.Release|Any CPU.Build.0 = Release|Any CPU
	EndGlobalSection
	GlobalSection(SolutionProperties) = preSolution
		HideSolutionNode = FALSE
	EndGlobalSection
	GlobalSection(ExtensibilityGlobals) = postSolution
		SolutionGuid = {B7F93C64-7227-448C-A23A-8986215E0CD9}
	EndGlobalSection
EndGlobal
