
Microsoft Visual Studio Solution File, Format Version 12.00
# Visual Studio Version 16
VisualStudioVersion = 16.0.31129.286
MinimumVisualStudioVersion = 10.0.40219.1
Project("{9A19103F-16F7-4668-BE54-9A1E7A4F7556}") = "01.UniquePINCodes", "01.UniquePINCodes\01.UniquePINCodes.csproj", "{964A912C-FA8B-42E9-A45E-FB58A91F09C6}"
EndProject
Project("{9A19103F-16F7-4668-BE54-9A1E7A4F7556}") = "02.LettersCombinations", "02.LettersCombinations\02.LettersCombinations.csproj", "{429CD614-DEAB-4077-A313-6EE8B83176BB}"
EndProject
Project("{9A19103F-16F7-4668-BE54-9A1E7A4F7556}") = "03.LuckyNumbers", "03.LuckyNumbers\03.LuckyNumbers.csproj", "{E2D08F0F-CEF5-4D07-BBB9-3CDA8036D07F}"
EndProject
Project("{9A19103F-16F7-4668-BE54-9A1E7A4F7556}") = "04.CarNumber", "04.CarNumber\04.CarNumber.csproj", "{F12015C6-F913-4F43-BB60-E01E83CB7D85}"
EndProject
Project("{FAE04EC0-301F-11D3-BF4B-00C04F79EFBC}") = "05.ChallengeTheWedding", "05.ChallengeTheWedding\05.ChallengeTheWedding.csproj", "{7C183E94-91D0-497F-B5FE-27E55C1D4F37}"
EndProject
Project("{FAE04EC0-301F-11D3-BF4B-00C04F79EFBC}") = "06.WeddingSeats", "06.WeddingSeats\06.WeddingSeats.csproj", "{EF1FC427-058D-4DF7-9C2F-A43E6DE52C2F}"
EndProject
Project("{FAE04EC0-301F-11D3-BF4B-00C04F79EFBC}") = "07.SafePasswordsGenerator", "07.SafePasswordsGenerator\07.SafePasswordsGenerator.csproj", "{5C572C8A-6A23-4178-BB36-8E6164EF3DA8}"
EndProject
Project("{FAE04EC0-301F-11D3-BF4B-00C04F79EFBC}") = "08.SecretDoorsLock", "08.SecretDoorsLock\08.SecretDoorsLock.csproj", "{8193D62D-8EBB-49D0-8CDD-2FC02B28D640}"
EndProject
Project("{FAE04EC0-301F-11D3-BF4B-00C04F79EFBC}") = "09.Profit", "09.Profit\09.Profit.csproj", "{34A6A61B-E426-40E9-B601-A5CB71C829B1}"
EndProject
Project("{FAE04EC0-301F-11D3-BF4B-00C04F79EFBC}") = "10.HappyCatParking", "10.HappyCatParking\10.HappyCatParking.csproj", "{A51744B5-C2B1-4EDA-B80B-1B26FF485E9A}"
EndProject
Project("{FAE04EC0-301F-11D3-BF4B-00C04F79EFBC}") = "11.TheSongFfTheWheels", "11.TheSongFfTheWheels\11.TheSongFfTheWheels.csproj", "{F94B5A0B-7566-4B8E-9902-748A3EA0BBAC}"
EndProject
Project("{FAE04EC0-301F-11D3-BF4B-00C04F79EFBC}") = "12.PrimePairs", "12.PrimePairs\12.PrimePairs.csproj", "{360C75CE-F94D-4E1E-BE5A-1AF8563AFEE1}"
EndProject
Global
	GlobalSection(SolutionConfigurationPlatforms) = preSolution
		Debug|Any CPU = Debug|Any CPU
		Release|Any CPU = Release|Any CPU
	EndGlobalSection
	GlobalSection(ProjectConfigurationPlatforms) = postSolution
		{964A912C-FA8B-42E9-A45E-FB58A91F09C6}.Debug|Any CPU.ActiveCfg = Debug|Any CPU
		{964A912C-FA8B-42E9-A45E-FB58A91F09C6}.Debug|Any CPU.Build.0 = Debug|Any CPU
		{964A912C-FA8B-42E9-A45E-FB58A91F09C6}.Release|Any CPU.ActiveCfg = Release|Any CPU
		{964A912C-FA8B-42E9-A45E-FB58A91F09C6}.Release|Any CPU.Build.0 = Release|Any CPU
		{429CD614-DEAB-4077-A313-6EE8B83176BB}.Debug|Any CPU.ActiveCfg = Debug|Any CPU
		{429CD614-DEAB-4077-A313-6EE8B83176BB}.Debug|Any CPU.Build.0 = Debug|Any CPU
		{429CD614-DEAB-4077-A313-6EE8B83176BB}.Release|Any CPU.ActiveCfg = Release|Any CPU
		{429CD614-DEAB-4077-A313-6EE8B83176BB}.Release|Any CPU.Build.0 = Release|Any CPU
		{E2D08F0F-CEF5-4D07-BBB9-3CDA8036D07F}.Debug|Any CPU.ActiveCfg = Debug|Any CPU
		{E2D08F0F-CEF5-4D07-BBB9-3CDA8036D07F}.Debug|Any CPU.Build.0 = Debug|Any CPU
		{E2D08F0F-CEF5-4D07-BBB9-3CDA8036D07F}.Release|Any CPU.ActiveCfg = Release|Any CPU
		{E2D08F0F-CEF5-4D07-BBB9-3CDA8036D07F}.Release|Any CPU.Build.0 = Release|Any CPU
		{F12015C6-F913-4F43-BB60-E01E83CB7D85}.Debug|Any CPU.ActiveCfg = Debug|Any CPU
		{F12015C6-F913-4F43-BB60-E01E83CB7D85}.Debug|Any CPU.Build.0 = Debug|Any CPU
		{F12015C6-F913-4F43-BB60-E01E83CB7D85}.Release|Any CPU.ActiveCfg = Release|Any CPU
		{F12015C6-F913-4F43-BB60-E01E83CB7D85}.Release|Any CPU.Build.0 = Release|Any CPU
		{7C183E94-91D0-497F-B5FE-27E55C1D4F37}.Debug|Any CPU.ActiveCfg = Debug|Any CPU
		{7C183E94-91D0-497F-B5FE-27E55C1D4F37}.Debug|Any CPU.Build.0 = Debug|Any CPU
		{7C183E94-91D0-497F-B5FE-27E55C1D4F37}.Release|Any CPU.ActiveCfg = Release|Any CPU
		{7C183E94-91D0-497F-B5FE-27E55C1D4F37}.Release|Any CPU.Build.0 = Release|Any CPU
		{EF1FC427-058D-4DF7-9C2F-A43E6DE52C2F}.Debug|Any CPU.ActiveCfg = Debug|Any CPU
		{EF1FC427-058D-4DF7-9C2F-A43E6DE52C2F}.Debug|Any CPU.Build.0 = Debug|Any CPU
		{EF1FC427-058D-4DF7-9C2F-A43E6DE52C2F}.Release|Any CPU.ActiveCfg = Release|Any CPU
		{EF1FC427-058D-4DF7-9C2F-A43E6DE52C2F}.Release|Any CPU.Build.0 = Release|Any CPU
		{5C572C8A-6A23-4178-BB36-8E6164EF3DA8}.Debug|Any CPU.ActiveCfg = Debug|Any CPU
		{5C572C8A-6A23-4178-BB36-8E6164EF3DA8}.Debug|Any CPU.Build.0 = Debug|Any CPU
		{5C572C8A-6A23-4178-BB36-8E6164EF3DA8}.Release|Any CPU.ActiveCfg = Release|Any CPU
		{5C572C8A-6A23-4178-BB36-8E6164EF3DA8}.Release|Any CPU.Build.0 = Release|Any CPU
		{8193D62D-8EBB-49D0-8CDD-2FC02B28D640}.Debug|Any CPU.ActiveCfg = Debug|Any CPU
		{8193D62D-8EBB-49D0-8CDD-2FC02B28D640}.Debug|Any CPU.Build.0 = Debug|Any CPU
		{8193D62D-8EBB-49D0-8CDD-2FC02B28D640}.Release|Any CPU.ActiveCfg = Release|Any CPU
		{8193D62D-8EBB-49D0-8CDD-2FC02B28D640}.Release|Any CPU.Build.0 = Release|Any CPU
		{34A6A61B-E426-40E9-B601-A5CB71C829B1}.Debug|Any CPU.ActiveCfg = Debug|Any CPU
		{34A6A61B-E426-40E9-B601-A5CB71C829B1}.Debug|Any CPU.Build.0 = Debug|Any CPU
		{34A6A61B-E426-40E9-B601-A5CB71C829B1}.Release|Any CPU.ActiveCfg = Release|Any CPU
		{34A6A61B-E426-40E9-B601-A5CB71C829B1}.Release|Any CPU.Build.0 = Release|Any CPU
		{A51744B5-C2B1-4EDA-B80B-1B26FF485E9A}.Debug|Any CPU.ActiveCfg = Debug|Any CPU
		{A51744B5-C2B1-4EDA-B80B-1B26FF485E9A}.Debug|Any CPU.Build.0 = Debug|Any CPU
		{A51744B5-C2B1-4EDA-B80B-1B26FF485E9A}.Release|Any CPU.ActiveCfg = Release|Any CPU
		{A51744B5-C2B1-4EDA-B80B-1B26FF485E9A}.Release|Any CPU.Build.0 = Release|Any CPU
		{F94B5A0B-7566-4B8E-9902-748A3EA0BBAC}.Debug|Any CPU.ActiveCfg = Debug|Any CPU
		{F94B5A0B-7566-4B8E-9902-748A3EA0BBAC}.Debug|Any CPU.Build.0 = Debug|Any CPU
		{F94B5A0B-7566-4B8E-9902-748A3EA0BBAC}.Release|Any CPU.ActiveCfg = Release|Any CPU
		{F94B5A0B-7566-4B8E-9902-748A3EA0BBAC}.Release|Any CPU.Build.0 = Release|Any CPU
		{360C75CE-F94D-4E1E-BE5A-1AF8563AFEE1}.Debug|Any CPU.ActiveCfg = Debug|Any CPU
		{360C75CE-F94D-4E1E-BE5A-1AF8563AFEE1}.Debug|Any CPU.Build.0 = Debug|Any CPU
		{360C75CE-F94D-4E1E-BE5A-1AF8563AFEE1}.Release|Any CPU.ActiveCfg = Release|Any CPU
		{360C75CE-F94D-4E1E-BE5A-1AF8563AFEE1}.Release|Any CPU.Build.0 = Release|Any CPU
	EndGlobalSection
	GlobalSection(SolutionProperties) = preSolution
		HideSolutionNode = FALSE
	EndGlobalSection
	GlobalSection(ExtensibilityGlobals) = postSolution
		SolutionGuid = {0982D0EE-4406-4513-8760-34ABF16E8203}
	EndGlobalSection
EndGlobal
