
Microsoft Visual Studio Solution File, Format Version 12.00
# Visual Studio Version 16
VisualStudioVersion = 16.0.31424.327
MinimumVisualStudioVersion = 10.0.40219.1
Project("{9A19103F-16F7-4668-BE54-9A1E7A4F7556}") = "01.Ranking", "01.Ranking\01.Ranking.csproj", "{5D14F547-C413-4620-9D31-BE28292A1CF6}"
EndProject
Project("{9A19103F-16F7-4668-BE54-9A1E7A4F7556}") = "02.Judge", "02.Judge\02.Judge.csproj", "{04882FA3-4E2A-4C11-8B54-6BEB4C60259C}"
EndProject
Project("{FAE04EC0-301F-11D3-BF4B-00C04F79EFBC}") = "03.MOBAChallenger", "03.MOBAChallenger\03.MOBAChallenger.csproj", "{4C89D153-FA1C-4749-B464-4F7D11CDEDFC}"
EndProject
Project("{FAE04EC0-301F-11D3-BF4B-00C04F79EFBC}") = "04.Snowwhite", "04.Snowwhite\04.Snowwhite.csproj", "{6E58823D-CFC3-411E-AF66-BB5C996F8482}"
EndProject
Project("{FAE04EC0-301F-11D3-BF4B-00C04F79EFBC}") = "05.DragonArmy", "05.DragonArmy\05.DragonArmy.csproj", "{CF24572D-5E0C-48C1-8E24-1725216D2E2E}"
EndProject
Global
	GlobalSection(SolutionConfigurationPlatforms) = preSolution
		Debug|Any CPU = Debug|Any CPU
		Release|Any CPU = Release|Any CPU
	EndGlobalSection
	GlobalSection(ProjectConfigurationPlatforms) = postSolution
		{5D14F547-C413-4620-9D31-BE28292A1CF6}.Debug|Any CPU.ActiveCfg = Debug|Any CPU
		{5D14F547-C413-4620-9D31-BE28292A1CF6}.Debug|Any CPU.Build.0 = Debug|Any CPU
		{5D14F547-C413-4620-9D31-BE28292A1CF6}.Release|Any CPU.ActiveCfg = Release|Any CPU
		{5D14F547-C413-4620-9D31-BE28292A1CF6}.Release|Any CPU.Build.0 = Release|Any CPU
		{04882FA3-4E2A-4C11-8B54-6BEB4C60259C}.Debug|Any CPU.ActiveCfg = Debug|Any CPU
		{04882FA3-4E2A-4C11-8B54-6BEB4C60259C}.Debug|Any CPU.Build.0 = Debug|Any CPU
		{04882FA3-4E2A-4C11-8B54-6BEB4C60259C}.Release|Any CPU.ActiveCfg = Release|Any CPU
		{04882FA3-4E2A-4C11-8B54-6BEB4C60259C}.Release|Any CPU.Build.0 = Release|Any CPU
		{4C89D153-FA1C-4749-B464-4F7D11CDEDFC}.Debug|Any CPU.ActiveCfg = Debug|Any CPU
		{4C89D153-FA1C-4749-B464-4F7D11CDEDFC}.Debug|Any CPU.Build.0 = Debug|Any CPU
		{4C89D153-FA1C-4749-B464-4F7D11CDEDFC}.Release|Any CPU.ActiveCfg = Release|Any CPU
		{4C89D153-FA1C-4749-B464-4F7D11CDEDFC}.Release|Any CPU.Build.0 = Release|Any CPU
		{6E58823D-CFC3-411E-AF66-BB5C996F8482}.Debug|Any CPU.ActiveCfg = Debug|Any CPU
		{6E58823D-CFC3-411E-AF66-BB5C996F8482}.Debug|Any CPU.Build.0 = Debug|Any CPU
		{6E58823D-CFC3-411E-AF66-BB5C996F8482}.Release|Any CPU.ActiveCfg = Release|Any CPU
		{6E58823D-CFC3-411E-AF66-BB5C996F8482}.Release|Any CPU.Build.0 = Release|Any CPU
		{CF24572D-5E0C-48C1-8E24-1725216D2E2E}.Debug|Any CPU.ActiveCfg = Debug|Any CPU
		{CF24572D-5E0C-48C1-8E24-1725216D2E2E}.Debug|Any CPU.Build.0 = Debug|Any CPU
		{CF24572D-5E0C-48C1-8E24-1725216D2E2E}.Release|Any CPU.ActiveCfg = Release|Any CPU
		{CF24572D-5E0C-48C1-8E24-1725216D2E2E}.Release|Any CPU.Build.0 = Release|Any CPU
	EndGlobalSection
	GlobalSection(SolutionProperties) = preSolution
		HideSolutionNode = FALSE
	EndGlobalSection
	GlobalSection(ExtensibilityGlobals) = postSolution
		SolutionGuid = {EBB0F68C-A6BA-4079-95FF-094BB9986C3D}
	EndGlobalSection
EndGlobal
