
Microsoft Visual Studio Solution File, Format Version 12.00
# Visual Studio Version 16
VisualStudioVersion = 16.0.31205.134
MinimumVisualStudioVersion = 10.0.40219.1
Project("{9A19103F-16F7-4668-BE54-9A1E7A4F7556}") = "01.BasketballEquipment", "01.BasketballEquipment\01.BasketballEquipment.csproj", "{E961AC10-E1CC-4EF3-B382-397F0766949F}"
EndProject
Project("{9A19103F-16F7-4668-BE54-9A1E7A4F7556}") = "01.TennisEquipment", "01.TennisEquipment\01.TennisEquipment.csproj", "{77369B56-B304-427F-9C55-2DEA364BC17A}"
EndProject
Project("{9A19103F-16F7-4668-BE54-9A1E7A4F7556}") = "02.FootballResults", "02.FootballResults\02.FootballResults.csproj", "{36FFF02A-50E3-4AEF-9A38-A270CF0D1AA9}"
EndProject
Project("{9A19103F-16F7-4668-BE54-9A1E7A4F7556}") = "02.Skeleton", "02.Skeleton\02.Skeleton.csproj", "{75483C8E-D58A-49E9-94D2-6E8830C5D6FA}"
EndProject
Project("{9A19103F-16F7-4668-BE54-9A1E7A4F7556}") = "03.Gymnastics", "03.Gymnastics\03.Gymnastics.csproj", "{0D3D7B69-4AFF-454F-AB74-E4327D5AF362}"
EndProject
Project("{9A19103F-16F7-4668-BE54-9A1E7A4F7556}") = "03.WorldSnookerChampionship", "03.WorldSnookerChampionship\03.WorldSnookerChampionship.csproj", "{FB965DD7-47E5-44E2-A651-C3A8172EA365}"
EndProject
Project("{9A19103F-16F7-4668-BE54-9A1E7A4F7556}") = "04.GameNumberWars", "04.GameNumberWars\04.GameNumberWars.csproj", "{61EC6A41-52A1-4F7A-9315-05DC065DC1E9}"
EndProject
Project("{9A19103F-16F7-4668-BE54-9A1E7A4F7556}") = "04.Darts", "04.Darts\04.Darts.csproj", "{1A79094F-D26C-4181-8ABC-2950690B87E4}"
EndProject
Project("{9A19103F-16F7-4668-BE54-9A1E7A4F7556}") = "05.TennisRanklist", "05.TennisRanklist\05.TennisRanklist.csproj", "{4042C6C2-33A1-4950-AAD5-D7CACF6FB987}"
EndProject
Project("{9A19103F-16F7-4668-BE54-9A1E7A4F7556}") = "05.FitnessCenter", "05.FitnessCenter\05.FitnessCenter.csproj", "{07CAF159-38EA-4AF7-8744-627AD5F21998}"
EndProject
Project("{9A19103F-16F7-4668-BE54-9A1E7A4F7556}") = "06.HighJump", "06.HighJump\06.HighJump.csproj", "{81E4DE94-549F-4C38-B0B5-F70C5C47D016}"
EndProject
Project("{FAE04EC0-301F-11D3-BF4B-00C04F79EFBC}") = "06.BasketballTournament", "06.BasketballTournament\06.BasketballTournament.csproj", "{FAA9AD90-C142-405C-B2F1-8F30E17D8B78}"
EndProject
Global
	GlobalSection(SolutionConfigurationPlatforms) = preSolution
		Debug|Any CPU = Debug|Any CPU
		Release|Any CPU = Release|Any CPU
	EndGlobalSection
	GlobalSection(ProjectConfigurationPlatforms) = postSolution
		{E961AC10-E1CC-4EF3-B382-397F0766949F}.Debug|Any CPU.ActiveCfg = Debug|Any CPU
		{E961AC10-E1CC-4EF3-B382-397F0766949F}.Debug|Any CPU.Build.0 = Debug|Any CPU
		{E961AC10-E1CC-4EF3-B382-397F0766949F}.Release|Any CPU.ActiveCfg = Release|Any CPU
		{E961AC10-E1CC-4EF3-B382-397F0766949F}.Release|Any CPU.Build.0 = Release|Any CPU
		{77369B56-B304-427F-9C55-2DEA364BC17A}.Debug|Any CPU.ActiveCfg = Debug|Any CPU
		{77369B56-B304-427F-9C55-2DEA364BC17A}.Debug|Any CPU.Build.0 = Debug|Any CPU
		{77369B56-B304-427F-9C55-2DEA364BC17A}.Release|Any CPU.ActiveCfg = Release|Any CPU
		{77369B56-B304-427F-9C55-2DEA364BC17A}.Release|Any CPU.Build.0 = Release|Any CPU
		{36FFF02A-50E3-4AEF-9A38-A270CF0D1AA9}.Debug|Any CPU.ActiveCfg = Debug|Any CPU
		{36FFF02A-50E3-4AEF-9A38-A270CF0D1AA9}.Debug|Any CPU.Build.0 = Debug|Any CPU
		{36FFF02A-50E3-4AEF-9A38-A270CF0D1AA9}.Release|Any CPU.ActiveCfg = Release|Any CPU
		{36FFF02A-50E3-4AEF-9A38-A270CF0D1AA9}.Release|Any CPU.Build.0 = Release|Any CPU
		{75483C8E-D58A-49E9-94D2-6E8830C5D6FA}.Debug|Any CPU.ActiveCfg = Debug|Any CPU
		{75483C8E-D58A-49E9-94D2-6E8830C5D6FA}.Debug|Any CPU.Build.0 = Debug|Any CPU
		{75483C8E-D58A-49E9-94D2-6E8830C5D6FA}.Release|Any CPU.ActiveCfg = Release|Any CPU
		{75483C8E-D58A-49E9-94D2-6E8830C5D6FA}.Release|Any CPU.Build.0 = Release|Any CPU
		{0D3D7B69-4AFF-454F-AB74-E4327D5AF362}.Debug|Any CPU.ActiveCfg = Debug|Any CPU
		{0D3D7B69-4AFF-454F-AB74-E4327D5AF362}.Debug|Any CPU.Build.0 = Debug|Any CPU
		{0D3D7B69-4AFF-454F-AB74-E4327D5AF362}.Release|Any CPU.ActiveCfg = Release|Any CPU
		{0D3D7B69-4AFF-454F-AB74-E4327D5AF362}.Release|Any CPU.Build.0 = Release|Any CPU
		{FB965DD7-47E5-44E2-A651-C3A8172EA365}.Debug|Any CPU.ActiveCfg = Debug|Any CPU
		{FB965DD7-47E5-44E2-A651-C3A8172EA365}.Debug|Any CPU.Build.0 = Debug|Any CPU
		{FB965DD7-47E5-44E2-A651-C3A8172EA365}.Release|Any CPU.ActiveCfg = Release|Any CPU
		{FB965DD7-47E5-44E2-A651-C3A8172EA365}.Release|Any CPU.Build.0 = Release|Any CPU
		{61EC6A41-52A1-4F7A-9315-05DC065DC1E9}.Debug|Any CPU.ActiveCfg = Debug|Any CPU
		{61EC6A41-52A1-4F7A-9315-05DC065DC1E9}.Debug|Any CPU.Build.0 = Debug|Any CPU
		{61EC6A41-52A1-4F7A-9315-05DC065DC1E9}.Release|Any CPU.ActiveCfg = Release|Any CPU
		{61EC6A41-52A1-4F7A-9315-05DC065DC1E9}.Release|Any CPU.Build.0 = Release|Any CPU
		{1A79094F-D26C-4181-8ABC-2950690B87E4}.Debug|Any CPU.ActiveCfg = Debug|Any CPU
		{1A79094F-D26C-4181-8ABC-2950690B87E4}.Debug|Any CPU.Build.0 = Debug|Any CPU
		{1A79094F-D26C-4181-8ABC-2950690B87E4}.Release|Any CPU.ActiveCfg = Release|Any CPU
		{1A79094F-D26C-4181-8ABC-2950690B87E4}.Release|Any CPU.Build.0 = Release|Any CPU
		{4042C6C2-33A1-4950-AAD5-D7CACF6FB987}.Debug|Any CPU.ActiveCfg = Debug|Any CPU
		{4042C6C2-33A1-4950-AAD5-D7CACF6FB987}.Debug|Any CPU.Build.0 = Debug|Any CPU
		{4042C6C2-33A1-4950-AAD5-D7CACF6FB987}.Release|Any CPU.ActiveCfg = Release|Any CPU
		{4042C6C2-33A1-4950-AAD5-D7CACF6FB987}.Release|Any CPU.Build.0 = Release|Any CPU
		{07CAF159-38EA-4AF7-8744-627AD5F21998}.Debug|Any CPU.ActiveCfg = Debug|Any CPU
		{07CAF159-38EA-4AF7-8744-627AD5F21998}.Debug|Any CPU.Build.0 = Debug|Any CPU
		{07CAF159-38EA-4AF7-8744-627AD5F21998}.Release|Any CPU.ActiveCfg = Release|Any CPU
		{07CAF159-38EA-4AF7-8744-627AD5F21998}.Release|Any CPU.Build.0 = Release|Any CPU
		{81E4DE94-549F-4C38-B0B5-F70C5C47D016}.Debug|Any CPU.ActiveCfg = Debug|Any CPU
		{81E4DE94-549F-4C38-B0B5-F70C5C47D016}.Debug|Any CPU.Build.0 = Debug|Any CPU
		{81E4DE94-549F-4C38-B0B5-F70C5C47D016}.Release|Any CPU.ActiveCfg = Release|Any CPU
		{81E4DE94-549F-4C38-B0B5-F70C5C47D016}.Release|Any CPU.Build.0 = Release|Any CPU
		{FAA9AD90-C142-405C-B2F1-8F30E17D8B78}.Debug|Any CPU.ActiveCfg = Debug|Any CPU
		{FAA9AD90-C142-405C-B2F1-8F30E17D8B78}.Debug|Any CPU.Build.0 = Debug|Any CPU
		{FAA9AD90-C142-405C-B2F1-8F30E17D8B78}.Release|Any CPU.ActiveCfg = Release|Any CPU
		{FAA9AD90-C142-405C-B2F1-8F30E17D8B78}.Release|Any CPU.Build.0 = Release|Any CPU
	EndGlobalSection
	GlobalSection(SolutionProperties) = preSolution
		HideSolutionNode = FALSE
	EndGlobalSection
	GlobalSection(ExtensibilityGlobals) = postSolution
		SolutionGuid = {CBB667F3-B6EF-4B40-BC48-618D6095B0D0}
	EndGlobalSection
EndGlobal
