
Microsoft Visual Studio Solution File, Format Version 12.00
# Visual Studio Version 16
VisualStudioVersion = 16.0.31702.278
MinimumVisualStudioVersion = 10.0.40219.1
Project("{FAE04EC0-301F-11D3-BF4B-00C04F79EFBC}") = "IteratorsAndComparators", "IteratorsAndComparators\IteratorsAndComparators.csproj", "{55A58AE7-013A-48B3-9A9D-A041DD14FD69}"
EndProject
Global
	GlobalSection(SolutionConfigurationPlatforms) = preSolution
		Debug|Any CPU = Debug|Any CPU
		Release|Any CPU = Release|Any CPU
	EndGlobalSection
	GlobalSection(ProjectConfigurationPlatforms) = postSolution
		{55A58AE7-013A-48B3-9A9D-A041DD14FD69}.Debug|Any CPU.ActiveCfg = Debug|Any CPU
		{55A58AE7-013A-48B3-9A9D-A041DD14FD69}.Debug|Any CPU.Build.0 = Debug|Any CPU
		{55A58AE7-013A-48B3-9A9D-A041DD14FD69}.Release|Any CPU.ActiveCfg = Release|Any CPU
		{55A58AE7-013A-48B3-9A9D-A041DD14FD69}.Release|Any CPU.Build.0 = Release|Any CPU
	EndGlobalSection
	GlobalSection(SolutionProperties) = preSolution
		HideSolutionNode = FALSE
	EndGlobalSection
	GlobalSection(ExtensibilityGlobals) = postSolution
		SolutionGuid = {7E109436-4E03-497C-9570-2B85176CC9E9}
	EndGlobalSection
EndGlobal
