
Microsoft Visual Studio Solution File, Format Version 12.00
# Visual Studio Version 16
VisualStudioVersion = 16.0.31702.278
MinimumVisualStudioVersion = 10.0.40219.1
Project("{FAE04EC0-301F-11D3-BF4B-00C04F79EFBC}") = "01.Lootbox", "01.Lootbox\01.Lootbox.csproj", "{4237EE6F-2E9B-4F79-9899-720F065153BE}"
EndProject
Project("{FAE04EC0-301F-11D3-BF4B-00C04F79EFBC}") = "02.ReVolt", "02.ReVolt\02.ReVolt.csproj", "{084712A0-544E-43A6-9861-AC1F4BC34A01}"
EndProject
Global
	GlobalSection(SolutionConfigurationPlatforms) = preSolution
		Debug|Any CPU = Debug|Any CPU
		Release|Any CPU = Release|Any CPU
	EndGlobalSection
	GlobalSection(ProjectConfigurationPlatforms) = postSolution
		{4237EE6F-2E9B-4F79-9899-720F065153BE}.Debug|Any CPU.ActiveCfg = Debug|Any CPU
		{4237EE6F-2E9B-4F79-9899-720F065153BE}.Debug|Any CPU.Build.0 = Debug|Any CPU
		{4237EE6F-2E9B-4F79-9899-720F065153BE}.Release|Any CPU.ActiveCfg = Release|Any CPU
		{4237EE6F-2E9B-4F79-9899-720F065153BE}.Release|Any CPU.Build.0 = Release|Any CPU
		{084712A0-544E-43A6-9861-AC1F4BC34A01}.Debug|Any CPU.ActiveCfg = Debug|Any CPU
		{084712A0-544E-43A6-9861-AC1F4BC34A01}.Debug|Any CPU.Build.0 = Debug|Any CPU
		{084712A0-544E-43A6-9861-AC1F4BC34A01}.Release|Any CPU.ActiveCfg = Release|Any CPU
		{084712A0-544E-43A6-9861-AC1F4BC34A01}.Release|Any CPU.Build.0 = Release|Any CPU
	EndGlobalSection
	GlobalSection(SolutionProperties) = preSolution
		HideSolutionNode = FALSE
	EndGlobalSection
	GlobalSection(ExtensibilityGlobals) = postSolution
		SolutionGuid = {3D9A70E9-C5B4-489D-8C5B-D47CE87E3C98}
	EndGlobalSection
EndGlobal
