
Microsoft Visual Studio Solution File, Format Version 12.00
# Visual Studio Version 16
VisualStudioVersion = 16.0.31313.79
MinimumVisualStudioVersion = 10.0.40219.1
Project("{9A19103F-16F7-4668-BE54-9A1E7A4F7556}") = "01.DataTypeFinder", "01.DataTypeFinder\01.DataTypeFinder.csproj", "{C53763C0-143E-4C78-9E46-FA4E6D11973B}"
EndProject
Project("{9A19103F-16F7-4668-BE54-9A1E7A4F7556}") = "02.FromLeftToTheRight", "02.FromLeftToTheRight\02.FromLeftToTheRight.csproj", "{3141ADD4-C533-4288-B950-287F599843D8}"
EndProject
Project("{9A19103F-16F7-4668-BE54-9A1E7A4F7556}") = "03.FloatingEquality", "03.FloatingEquality\03.FloatingEquality.csproj", "{365EE8CA-1F95-4FF2-A81B-DB8912DA2BF7}"
EndProject
Project("{FAE04EC0-301F-11D3-BF4B-00C04F79EFBC}") = "04.RefactoringPrimeChecker", "04.RefactoringPrimeChecker\04.RefactoringPrimeChecker.csproj", "{9D5ECD41-0DA9-4FAE-AB5C-2DF5A09F15F9}"
EndProject
Project("{FAE04EC0-301F-11D3-BF4B-00C04F79EFBC}") = "05.DecryptingMessage", "05.DecryptingMessage\05.DecryptingMessage.csproj", "{D5259E7B-F3F7-4123-A2D0-0CBDEDA5BB5D}"
EndProject
Project("{FAE04EC0-301F-11D3-BF4B-00C04F79EFBC}") = "06.BalancedBrackets", "06.BalancedBrackets\06.BalancedBrackets.csproj", "{1F5ACDFA-209E-4054-8285-D1C2AA40FFE7}"
EndProject
Global
	GlobalSection(SolutionConfigurationPlatforms) = preSolution
		Debug|Any CPU = Debug|Any CPU
		Release|Any CPU = Release|Any CPU
	EndGlobalSection
	GlobalSection(ProjectConfigurationPlatforms) = postSolution
		{C53763C0-143E-4C78-9E46-FA4E6D11973B}.Debug|Any CPU.ActiveCfg = Debug|Any CPU
		{C53763C0-143E-4C78-9E46-FA4E6D11973B}.Debug|Any CPU.Build.0 = Debug|Any CPU
		{C53763C0-143E-4C78-9E46-FA4E6D11973B}.Release|Any CPU.ActiveCfg = Release|Any CPU
		{C53763C0-143E-4C78-9E46-FA4E6D11973B}.Release|Any CPU.Build.0 = Release|Any CPU
		{3141ADD4-C533-4288-B950-287F599843D8}.Debug|Any CPU.ActiveCfg = Debug|Any CPU
		{3141ADD4-C533-4288-B950-287F599843D8}.Debug|Any CPU.Build.0 = Debug|Any CPU
		{3141ADD4-C533-4288-B950-287F599843D8}.Release|Any CPU.ActiveCfg = Release|Any CPU
		{3141ADD4-C533-4288-B950-287F599843D8}.Release|Any CPU.Build.0 = Release|Any CPU
		{365EE8CA-1F95-4FF2-A81B-DB8912DA2BF7}.Debug|Any CPU.ActiveCfg = Debug|Any CPU
		{365EE8CA-1F95-4FF2-A81B-DB8912DA2BF7}.Debug|Any CPU.Build.0 = Debug|Any CPU
		{365EE8CA-1F95-4FF2-A81B-DB8912DA2BF7}.Release|Any CPU.ActiveCfg = Release|Any CPU
		{365EE8CA-1F95-4FF2-A81B-DB8912DA2BF7}.Release|Any CPU.Build.0 = Release|Any CPU
		{9D5ECD41-0DA9-4FAE-AB5C-2DF5A09F15F9}.Debug|Any CPU.ActiveCfg = Debug|Any CPU
		{9D5ECD41-0DA9-4FAE-AB5C-2DF5A09F15F9}.Debug|Any CPU.Build.0 = Debug|Any CPU
		{9D5ECD41-0DA9-4FAE-AB5C-2DF5A09F15F9}.Release|Any CPU.ActiveCfg = Release|Any CPU
		{9D5ECD41-0DA9-4FAE-AB5C-2DF5A09F15F9}.Release|Any CPU.Build.0 = Release|Any CPU
		{D5259E7B-F3F7-4123-A2D0-0CBDEDA5BB5D}.Debug|Any CPU.ActiveCfg = Debug|Any CPU
		{D5259E7B-F3F7-4123-A2D0-0CBDEDA5BB5D}.Debug|Any CPU.Build.0 = Debug|Any CPU
		{D5259E7B-F3F7-4123-A2D0-0CBDEDA5BB5D}.Release|Any CPU.ActiveCfg = Release|Any CPU
		{D5259E7B-F3F7-4123-A2D0-0CBDEDA5BB5D}.Release|Any CPU.Build.0 = Release|Any CPU
		{1F5ACDFA-209E-4054-8285-D1C2AA40FFE7}.Debug|Any CPU.ActiveCfg = Debug|Any CPU
		{1F5ACDFA-209E-4054-8285-D1C2AA40FFE7}.Debug|Any CPU.Build.0 = Debug|Any CPU
		{1F5ACDFA-209E-4054-8285-D1C2AA40FFE7}.Release|Any CPU.ActiveCfg = Release|Any CPU
		{1F5ACDFA-209E-4054-8285-D1C2AA40FFE7}.Release|Any CPU.Build.0 = Release|Any CPU
	EndGlobalSection
	GlobalSection(SolutionProperties) = preSolution
		HideSolutionNode = FALSE
	EndGlobalSection
	GlobalSection(ExtensibilityGlobals) = postSolution
		SolutionGuid = {98BD330F-A853-49D8-93F3-F81B90A212C2}
	EndGlobalSection
EndGlobal
