
Microsoft Visual Studio Solution File, Format Version 12.00
# Visual Studio Version 16
VisualStudioVersion = 16.0.31424.327
MinimumVisualStudioVersion = 10.0.40219.1
Project("{FAE04EC0-301F-11D3-BF4B-00C04F79EFBC}") = "01.Problem", "01.Problem\01.Problem.csproj", "{99AF46BF-DEEA-4FE1-BDF9-02ADEC6F12CB}"
EndProject
Project("{FAE04EC0-301F-11D3-BF4B-00C04F79EFBC}") = "02.Problem", "02.Problem\02.Problem.csproj", "{CC4D05A0-AC5D-44F0-803B-F78F91CA9892}"
EndProject
Project("{FAE04EC0-301F-11D3-BF4B-00C04F79EFBC}") = "03.Problem", "03.Problem\03.Problem.csproj", "{6E2844E2-3562-4C9D-B997-7C4A91422C98}"
EndProject
Global
	GlobalSection(SolutionConfigurationPlatforms) = preSolution
		Debug|Any CPU = Debug|Any CPU
		Release|Any CPU = Release|Any CPU
	EndGlobalSection
	GlobalSection(ProjectConfigurationPlatforms) = postSolution
		{99AF46BF-DEEA-4FE1-BDF9-02ADEC6F12CB}.Debug|Any CPU.ActiveCfg = Debug|Any CPU
		{99AF46BF-DEEA-4FE1-BDF9-02ADEC6F12CB}.Debug|Any CPU.Build.0 = Debug|Any CPU
		{99AF46BF-DEEA-4FE1-BDF9-02ADEC6F12CB}.Release|Any CPU.ActiveCfg = Release|Any CPU
		{99AF46BF-DEEA-4FE1-BDF9-02ADEC6F12CB}.Release|Any CPU.Build.0 = Release|Any CPU
		{CC4D05A0-AC5D-44F0-803B-F78F91CA9892}.Debug|Any CPU.ActiveCfg = Debug|Any CPU
		{CC4D05A0-AC5D-44F0-803B-F78F91CA9892}.Debug|Any CPU.Build.0 = Debug|Any CPU
		{CC4D05A0-AC5D-44F0-803B-F78F91CA9892}.Release|Any CPU.ActiveCfg = Release|Any CPU
		{CC4D05A0-AC5D-44F0-803B-F78F91CA9892}.Release|Any CPU.Build.0 = Release|Any CPU
		{6E2844E2-3562-4C9D-B997-7C4A91422C98}.Debug|Any CPU.ActiveCfg = Debug|Any CPU
		{6E2844E2-3562-4C9D-B997-7C4A91422C98}.Debug|Any CPU.Build.0 = Debug|Any CPU
		{6E2844E2-3562-4C9D-B997-7C4A91422C98}.Release|Any CPU.ActiveCfg = Release|Any CPU
		{6E2844E2-3562-4C9D-B997-7C4A91422C98}.Release|Any CPU.Build.0 = Release|Any CPU
	EndGlobalSection
	GlobalSection(SolutionProperties) = preSolution
		HideSolutionNode = FALSE
	EndGlobalSection
	GlobalSection(ExtensibilityGlobals) = postSolution
		SolutionGuid = {2171557C-3412-42A3-8F2C-10CA60C2C560}
	EndGlobalSection
EndGlobal
