
Microsoft Visual Studio Solution File, Format Version 12.00
# Visual Studio Version 16
VisualStudioVersion = 16.0.31702.278
MinimumVisualStudioVersion = 10.0.40219.1
Project("{9A19103F-16F7-4668-BE54-9A1E7A4F7556}") = "ClassroomProject", "C:\Users\Ivan\AppData\Local\Temp\Rar$DRa35648.10063\ClassroomProject.csproj", "{10BC4840-2866-4B5E-AAB3-96677D147E11}"
EndProject
Global
	GlobalSection(SolutionConfigurationPlatforms) = preSolution
		Debug|Any CPU = Debug|Any CPU
		Release|Any CPU = Release|Any CPU
	EndGlobalSection
	GlobalSection(ProjectConfigurationPlatforms) = postSolution
		{10BC4840-2866-4B5E-AAB3-96677D147E11}.Debug|Any CPU.ActiveCfg = Debug|Any CPU
		{10BC4840-2866-4B5E-AAB3-96677D147E11}.Debug|Any CPU.Build.0 = Debug|Any CPU
		{10BC4840-2866-4B5E-AAB3-96677D147E11}.Release|Any CPU.ActiveCfg = Release|Any CPU
		{10BC4840-2866-4B5E-AAB3-96677D147E11}.Release|Any CPU.Build.0 = Release|Any CPU
	EndGlobalSection
	GlobalSection(SolutionProperties) = preSolution
		HideSolutionNode = FALSE
	EndGlobalSection
	GlobalSection(ExtensibilityGlobals) = postSolution
		SolutionGuid = {DC16E4B8-7DA2-4BB3-8765-A5B8C317AA5A}
	EndGlobalSection
EndGlobal
